{
  "name": "lab1",
  "version": "1.0.0",
  "lockfileVersion": 2,
  "requires": true,
  "packages": {
    "": {
      "name": "lab1",
      "version": "1.0.0",
      "license": "MIT",
      "dependencies": {
        "modules": "file:modules"
      }
    },
    "modules": {
      "name": "task7models",
      "version": "1.0.0",
      "license": "ISC"
    },
    "node_modules/modules": {
      "resolved": "modules",
      "link": true
    },
    "task7models": {
      "version": "1.0.0",
      "extraneous": true,
      "license": "ISC"
    }
  },
  "dependencies": {
    "modules": {
      "version": "file:modules"
    }
  }
}
